
Microsoft Visual Studio Solution File, Format Version 12.00
Project("{FAE04EC0-301F-11D3-BF4B-00C04F79EFBC}") = "RedoxMod.Tests.Architecture", "RedoxMod.Tests.Architecture\RedoxMod.Tests.Architecture.csproj", "{93CE0DDE-6577-4955-8068-734213B46944}"
EndProject
Project("{FAE04EC0-301F-11D3-BF4B-00C04F79EFBC}") = "RedoxMod.Tests.Core", "RedoxMod.Tests.Core\RedoxMod.Tests.Core.csproj", "{D8BA7996-1413-48F0-BB0C-29351FD62827}"
EndProject
Global
	GlobalSection(SolutionConfigurationPlatforms) = preSolution
		Debug|Any CPU = Debug|Any CPU
		Release|Any CPU = Release|Any CPU
	EndGlobalSection
	GlobalSection(ProjectConfigurationPlatforms) = postSolution
		{93CE0DDE-6577-4955-8068-734213B46944}.Debug|Any CPU.ActiveCfg = Debug|Any CPU
		{93CE0DDE-6577-4955-8068-734213B46944}.Debug|Any CPU.Build.0 = Debug|Any CPU
		{93CE0DDE-6577-4955-8068-734213B46944}.Release|Any CPU.ActiveCfg = Release|Any CPU
		{93CE0DDE-6577-4955-8068-734213B46944}.Release|Any CPU.Build.0 = Release|Any CPU
		{D8BA7996-1413-48F0-BB0C-29351FD62827}.Debug|Any CPU.ActiveCfg = Debug|Any CPU
		{D8BA7996-1413-48F0-BB0C-29351FD62827}.Debug|Any CPU.Build.0 = Debug|Any CPU
		{D8BA7996-1413-48F0-BB0C-29351FD62827}.Release|Any CPU.ActiveCfg = Release|Any CPU
		{D8BA7996-1413-48F0-BB0C-29351FD62827}.Release|Any CPU.Build.0 = Release|Any CPU
	EndGlobalSection
EndGlobal
